
Microsoft Visual Studio Solution File, Format Version 12.00
# Visual Studio Version 17
VisualStudioVersion = 17.9.34728.123
MinimumVisualStudioVersion = 10.0.40219.1
Project("{FAE04EC0-301F-11D3-BF4B-00C04F79EFBC}") = "RGBFilter", "RGBFilter\RGBFilter.csproj", "{8C16DFD2-5E6E-47DD-BDE6-D3441431FF65}"
EndProject
Global
	GlobalSection(SolutionConfigurationPlatforms) = preSolution
		Debug|Any CPU = Debug|Any CPU
		Release|Any CPU = Release|Any CPU
	EndGlobalSection
	GlobalSection(ProjectConfigurationPlatforms) = postSolution
		{8C16DFD2-5E6E-47DD-BDE6-D3441431FF65}.Debug|Any CPU.ActiveCfg = Debug|Any CPU
		{8C16DFD2-5E6E-47DD-BDE6-D3441431FF65}.Debug|Any CPU.Build.0 = Debug|Any CPU
		{8C16DFD2-5E6E-47DD-BDE6-D3441431FF65}.Release|Any CPU.ActiveCfg = Release|Any CPU
		{8C16DFD2-5E6E-47DD-BDE6-D3441431FF65}.Release|Any CPU.Build.0 = Release|Any CPU
	EndGlobalSection
	GlobalSection(SolutionProperties) = preSolution
		HideSolutionNode = FALSE
	EndGlobalSection
	GlobalSection(ExtensibilityGlobals) = postSolution
		SolutionGuid = {24310D06-B8FF-4EF6-9ABE-7EBD4615E0E1}
	EndGlobalSection
EndGlobal
